
Microsoft Visual Studio Solution File, Format Version 12.00
# Visual Studio Version 17
VisualStudioVersion = 17.0.32112.339
MinimumVisualStudioVersion = 10.0.40219.1
Project("{9A19103F-16F7-4668-BE54-9A1E7A4F7556}") = "Animals.Console", "Animals\Animals.Console.csproj", "{E2013C69-920C-4828-8B57-FB416864470F}"
EndProject
Project("{9A19103F-16F7-4668-BE54-9A1E7A4F7556}") = "Animals.Core", "Animals.Core\Animals.Core.csproj", "{78FE7CE9-7E12-4616-BB42-D3C71DF1B26F}"
EndProject
Project("{FAE04EC0-301F-11D3-BF4B-00C04F79EFBC}") = "Animals.WPF", "Amimals.WPF\Animals.WPF.csproj", "{62216F20-4366-4E08-92B9-990402B8E45C}"
EndProject
Project("{2150E333-8FDC-42A3-9474-1A3956D46DE8}") = "Solution Items", "Solution Items", "{BDEC90D7-D366-4E2F-9F60-3D6809853B16}"
	ProjectSection(SolutionItems) = preProject
		Лев подготовка к курсовой.txt = Лев подготовка к курсовой.txt
		Обновления по проекту.txt = Обновления по проекту.txt
	EndProjectSection
EndProject
Global
	GlobalSection(SolutionConfigurationPlatforms) = preSolution
		Debug|Any CPU = Debug|Any CPU
		Release|Any CPU = Release|Any CPU
	EndGlobalSection
	GlobalSection(ProjectConfigurationPlatforms) = postSolution
		{E2013C69-920C-4828-8B57-FB416864470F}.Debug|Any CPU.ActiveCfg = Debug|Any CPU
		{E2013C69-920C-4828-8B57-FB416864470F}.Debug|Any CPU.Build.0 = Debug|Any CPU
		{E2013C69-920C-4828-8B57-FB416864470F}.Release|Any CPU.ActiveCfg = Release|Any CPU
		{E2013C69-920C-4828-8B57-FB416864470F}.Release|Any CPU.Build.0 = Release|Any CPU
		{78FE7CE9-7E12-4616-BB42-D3C71DF1B26F}.Debug|Any CPU.ActiveCfg = Debug|Any CPU
		{78FE7CE9-7E12-4616-BB42-D3C71DF1B26F}.Debug|Any CPU.Build.0 = Debug|Any CPU
		{78FE7CE9-7E12-4616-BB42-D3C71DF1B26F}.Release|Any CPU.ActiveCfg = Release|Any CPU
		{78FE7CE9-7E12-4616-BB42-D3C71DF1B26F}.Release|Any CPU.Build.0 = Release|Any CPU
		{62216F20-4366-4E08-92B9-990402B8E45C}.Debug|Any CPU.ActiveCfg = Debug|Any CPU
		{62216F20-4366-4E08-92B9-990402B8E45C}.Debug|Any CPU.Build.0 = Debug|Any CPU
		{62216F20-4366-4E08-92B9-990402B8E45C}.Release|Any CPU.ActiveCfg = Release|Any CPU
		{62216F20-4366-4E08-92B9-990402B8E45C}.Release|Any CPU.Build.0 = Release|Any CPU
	EndGlobalSection
	GlobalSection(SolutionProperties) = preSolution
		HideSolutionNode = FALSE
	EndGlobalSection
	GlobalSection(ExtensibilityGlobals) = postSolution
		SolutionGuid = {7C2508C2-2F4E-4E66-B5D9-B4B4B995EC1E}
	EndGlobalSection
EndGlobal
